// !$*UTF8*$!
{
	archiveVersion = 1;
	classes = {
	};
	objectVersion = 50;
	objects = {

/* Begin PBXBuildFile section */
		38B3AC4870CFC8E88B370172 /* Pods_Currency_Converter.framework in Frameworks */ = {isa = PBXBuildFile; fileRef = E792CF46071546215E633606 /* Pods_Currency_Converter.framework */; };
		CE40CEFA20E3A19D003A3E78 /* Jsonable.swift in Sources */ = {isa = PBXBuildFile; fileRef = CE40CEF920E3A19D003A3E78 /* Jsonable.swift */; };
		CE5CBC7920ED8A600092CB4C /* CurrencyConverterTests.swift in Sources */ = {isa = PBXBuildFile; fileRef = CE5CBC7820ED8A600092CB4C /* CurrencyConverterTests.swift */; };
		CE76302020E27BA500EEC89C /* Rate.swift in Sources */ = {isa = PBXBuildFile; fileRef = CE76301F20E27BA500EEC89C /* Rate.swift */; };
		CE76302220E27C3600EEC89C /* Convert.swift in Sources */ = {isa = PBXBuildFile; fileRef = CE76302120E27C3600EEC89C /* Convert.swift */; };
		CEB2230A20E0260C00AC7BB0 /* AppDelegate.swift in Sources */ = {isa = PBXBuildFile; fileRef = CEB2230920E0260C00AC7BB0 /* AppDelegate.swift */; };
		CEB2230C20E0260C00AC7BB0 /* ConverterViewController.swift in Sources */ = {isa = PBXBuildFile; fileRef = CEB2230B20E0260C00AC7BB0 /* ConverterViewController.swift */; };
		CEB2230F20E0260C00AC7BB0 /* Main.storyboard in Resources */ = {isa = PBXBuildFile; fileRef = CEB2230D20E0260C00AC7BB0 /* Main.storyboard */; };
		CEB2231120E0260E00AC7BB0 /* Assets.xcassets in Resources */ = {isa = PBXBuildFile; fileRef = CEB2231020E0260E00AC7BB0 /* Assets.xcassets */; };
		CEB2231420E0260E00AC7BB0 /* LaunchScreen.storyboard in Resources */ = {isa = PBXBuildFile; fileRef = CEB2231220E0260E00AC7BB0 /* LaunchScreen.storyboard */; };
		CEBD8A9020E16B6200B130C3 /* Api.swift in Sources */ = {isa = PBXBuildFile; fileRef = CEBD8A8F20E16B6200B130C3 /* Api.swift */; };
/* End PBXBuildFile section */

/* Begin PBXContainerItemProxy section */
		CE5CBC7B20ED8A600092CB4C /* PBXContainerItemProxy */ = {
			isa = PBXContainerItemProxy;
			containerPortal = CEB222FE20E0260C00AC7BB0 /* Project object */;
			proxyType = 1;
			remoteGlobalIDString = CEB2230520E0260C00AC7BB0;
			remoteInfo = "Currency Converter";
		};
/* End PBXContainerItemProxy section */

/* Begin PBXFileReference section */
		017D793CCEF631B8B277D6E3 /* Pods-Currency Converter.release.xcconfig */ = {isa = PBXFileReference; includeInIndex = 1; lastKnownFileType = text.xcconfig; name = "Pods-Currency Converter.release.xcconfig"; path = "Pods/Target Support Files/Pods-Currency Converter/Pods-Currency Converter.release.xcconfig"; sourceTree = "<group>"; };
		CE40CEF920E3A19D003A3E78 /* Jsonable.swift */ = {isa = PBXFileReference; lastKnownFileType = sourcecode.swift; path = Jsonable.swift; sourceTree = "<group>"; };
		CE5CBC7620ED8A600092CB4C /* CurrencyConverterTests.xctest */ = {isa = PBXFileReference; explicitFileType = wrapper.cfbundle; includeInIndex = 0; path = CurrencyConverterTests.xctest; sourceTree = BUILT_PRODUCTS_DIR; };
		CE5CBC7820ED8A600092CB4C /* CurrencyConverterTests.swift */ = {isa = PBXFileReference; lastKnownFileType = sourcecode.swift; path = CurrencyConverterTests.swift; sourceTree = "<group>"; };
		CE5CBC7A20ED8A600092CB4C /* Info.plist */ = {isa = PBXFileReference; lastKnownFileType = text.plist.xml; path = Info.plist; sourceTree = "<group>"; };
		CE76301F20E27BA500EEC89C /* Rate.swift */ = {isa = PBXFileReference; lastKnownFileType = sourcecode.swift; path = Rate.swift; sourceTree = "<group>"; };
		CE76302120E27C3600EEC89C /* Convert.swift */ = {isa = PBXFileReference; lastKnownFileType = sourcecode.swift; path = Convert.swift; sourceTree = "<group>"; };
		CEB2230620E0260C00AC7BB0 /* Currency Converter.app */ = {isa = PBXFileReference; explicitFileType = wrapper.application; includeInIndex = 0; path = "Currency Converter.app"; sourceTree = BUILT_PRODUCTS_DIR; };
		CEB2230920E0260C00AC7BB0 /* AppDelegate.swift */ = {isa = PBXFileReference; lastKnownFileType = sourcecode.swift; path = AppDelegate.swift; sourceTree = "<group>"; };
		CEB2230B20E0260C00AC7BB0 /* ConverterViewController.swift */ = {isa = PBXFileReference; lastKnownFileType = sourcecode.swift; path = ConverterViewController.swift; sourceTree = "<group>"; };
		CEB2230E20E0260C00AC7BB0 /* Base */ = {isa = PBXFileReference; lastKnownFileType = file.storyboard; name = Base; path = Base.lproj/Main.storyboard; sourceTree = "<group>"; };
		CEB2231020E0260E00AC7BB0 /* Assets.xcassets */ = {isa = PBXFileReference; lastKnownFileType = folder.assetcatalog; path = Assets.xcassets; sourceTree = "<group>"; };
		CEB2231320E0260E00AC7BB0 /* Base */ = {isa = PBXFileReference; lastKnownFileType = file.storyboard; name = Base; path = Base.lproj/LaunchScreen.storyboard; sourceTree = "<group>"; };
		CEB2231520E0260E00AC7BB0 /* Info.plist */ = {isa = PBXFileReference; lastKnownFileType = text.plist.xml; path = Info.plist; sourceTree = "<group>"; };
		CEBD8A8F20E16B6200B130C3 /* Api.swift */ = {isa = PBXFileReference; lastKnownFileType = sourcecode.swift; path = Api.swift; sourceTree = "<group>"; };
		DA0B31B945F63E050C9C5D41 /* Pods-Currency Converter.debug.xcconfig */ = {isa = PBXFileReference; includeInIndex = 1; lastKnownFileType = text.xcconfig; name = "Pods-Currency Converter.debug.xcconfig"; path = "Pods/Target Support Files/Pods-Currency Converter/Pods-Currency Converter.debug.xcconfig"; sourceTree = "<group>"; };
		E792CF46071546215E633606 /* Pods_Currency_Converter.framework */ = {isa = PBXFileReference; explicitFileType = wrapper.framework; includeInIndex = 0; path = Pods_Currency_Converter.framework; sourceTree = BUILT_PRODUCTS_DIR; };
/* End PBXFileReference section */

/* Begin PBXFrameworksBuildPhase section */
		CE5CBC7320ED8A600092CB4C /* Frameworks */ = {
			isa = PBXFrameworksBuildPhase;
			buildActionMask = 2147483647;
			files = (
			);
			runOnlyForDeploymentPostprocessing = 0;
		};
		CEB2230320E0260C00AC7BB0 /* Frameworks */ = {
			isa = PBXFrameworksBuildPhase;
			buildActionMask = 2147483647;
			files = (
				38B3AC4870CFC8E88B370172 /* Pods_Currency_Converter.framework in Frameworks */,
			);
			runOnlyForDeploymentPostprocessing = 0;
		};
/* End PBXFrameworksBuildPhase section */

/* Begin PBXGroup section */
		43F6222F85D0C7CF72110F31 /* Pods */ = {
			isa = PBXGroup;
			children = (
				DA0B31B945F63E050C9C5D41 /* Pods-Currency Converter.debug.xcconfig */,
				017D793CCEF631B8B277D6E3 /* Pods-Currency Converter.release.xcconfig */,
			);
			name = Pods;
			sourceTree = "<group>";
		};
		CE40CEF820E3855B003A3E78 /* Helper */ = {
			isa = PBXGroup;
			children = (
				CE40CEF920E3A19D003A3E78 /* Jsonable.swift */,
			);
			path = Helper;
			sourceTree = "<group>";
		};
		CE5CBC7720ED8A600092CB4C /* CurrencyConverterTests */ = {
			isa = PBXGroup;
			children = (
				CE5CBC7820ED8A600092CB4C /* CurrencyConverterTests.swift */,
				CE5CBC7A20ED8A600092CB4C /* Info.plist */,
			);
			path = CurrencyConverterTests;
			sourceTree = "<group>";
		};
		CE8950A520E164B800B750F2 /* Models */ = {
			isa = PBXGroup;
			children = (
				CE76301F20E27BA500EEC89C /* Rate.swift */,
				CE76302120E27C3600EEC89C /* Convert.swift */,
			);
			path = Models;
			sourceTree = "<group>";
		};
		CE8950A620E164C700B750F2 /* Supporting files */ = {
			isa = PBXGroup;
			children = (
				CEB2230920E0260C00AC7BB0 /* AppDelegate.swift */,
				CEB2231020E0260E00AC7BB0 /* Assets.xcassets */,
				CEB2231220E0260E00AC7BB0 /* LaunchScreen.storyboard */,
			);
			path = "Supporting files";
			sourceTree = "<group>";
		};
		CE8950AA20E1656200B750F2 /* Service */ = {
			isa = PBXGroup;
			children = (
				CEBD8A8F20E16B6200B130C3 /* Api.swift */,
			);
			path = Service;
			sourceTree = "<group>";
		};
		CEB222FD20E0260C00AC7BB0 = {
			isa = PBXGroup;
			children = (
				CEB2230820E0260C00AC7BB0 /* Currency Converter */,
				CE5CBC7720ED8A600092CB4C /* CurrencyConverterTests */,
				CEB2230720E0260C00AC7BB0 /* Products */,
				43F6222F85D0C7CF72110F31 /* Pods */,
				E9F9F913CD69C5CDEC953F83 /* Frameworks */,
			);
			sourceTree = "<group>";
		};
		CEB2230720E0260C00AC7BB0 /* Products */ = {
			isa = PBXGroup;
			children = (
				CEB2230620E0260C00AC7BB0 /* Currency Converter.app */,
				CE5CBC7620ED8A600092CB4C /* CurrencyConverterTests.xctest */,
			);
			name = Products;
			sourceTree = "<group>";
		};
		CEB2230820E0260C00AC7BB0 /* Currency Converter */ = {
			isa = PBXGroup;
			children = (
				CE40CEF820E3855B003A3E78 /* Helper */,
				CE8950AA20E1656200B750F2 /* Service */,
				CE8950A620E164C700B750F2 /* Supporting files */,
				CE8950A520E164B800B750F2 /* Models */,
				CEB2230B20E0260C00AC7BB0 /* ConverterViewController.swift */,
				CEB2230D20E0260C00AC7BB0 /* Main.storyboard */,
				CEB2231520E0260E00AC7BB0 /* Info.plist */,
			);
			path = "Currency Converter";
			sourceTree = "<group>";
		};
		E9F9F913CD69C5CDEC953F83 /* Frameworks */ = {
			isa = PBXGroup;
			children = (
				E792CF46071546215E633606 /* Pods_Currency_Converter.framework */,
			);
			name = Frameworks;
			sourceTree = "<group>";
		};
/* End PBXGroup section */

/* Begin PBXNativeTarget section */
		CE5CBC7520ED8A600092CB4C /* CurrencyConverterTests */ = {
			isa = PBXNativeTarget;
			buildConfigurationList = CE5CBC7F20ED8A600092CB4C /* Build configuration list for PBXNativeTarget "CurrencyConverterTests" */;
			buildPhases = (
				CE5CBC7220ED8A600092CB4C /* Sources */,
				CE5CBC7320ED8A600092CB4C /* Frameworks */,
				CE5CBC7420ED8A600092CB4C /* Resources */,
			);
			buildRules = (
			);
			dependencies = (
				CE5CBC7C20ED8A600092CB4C /* PBXTargetDependency */,
			);
			name = CurrencyConverterTests;
			productName = CurrencyConverterTests;
			productReference = CE5CBC7620ED8A600092CB4C /* CurrencyConverterTests.xctest */;
			productType = "com.apple.product-type.bundle.unit-test";
		};
		CEB2230520E0260C00AC7BB0 /* Currency Converter */ = {
			isa = PBXNativeTarget;
			buildConfigurationList = CEB2231820E0260E00AC7BB0 /* Build configuration list for PBXNativeTarget "Currency Converter" */;
			buildPhases = (
				FB3C31E88E6824F366CEEA2E /* [CP] Check Pods Manifest.lock */,
				CEB2230220E0260C00AC7BB0 /* Sources */,
				CEB2230320E0260C00AC7BB0 /* Frameworks */,
				CEB2230420E0260C00AC7BB0 /* Resources */,
				696171878BF90397427D169B /* [CP] Embed Pods Frameworks */,
			);
			buildRules = (
			);
			dependencies = (
			);
			name = "Currency Converter";
			productName = "Currency Converter";
			productReference = CEB2230620E0260C00AC7BB0 /* Currency Converter.app */;
			productType = "com.apple.product-type.application";
		};
/* End PBXNativeTarget section */

/* Begin PBXProject section */
		CEB222FE20E0260C00AC7BB0 /* Project object */ = {
			isa = PBXProject;
			attributes = {
				LastSwiftUpdateCheck = 0940;
				LastUpgradeCheck = 0940;
				ORGANIZATIONNAME = FarabiCorporation;
				TargetAttributes = {
					CE5CBC7520ED8A600092CB4C = {
						CreatedOnToolsVersion = 9.4.1;
						TestTargetID = CEB2230520E0260C00AC7BB0;
					};
					CEB2230520E0260C00AC7BB0 = {
						CreatedOnToolsVersion = 9.4.1;
					};
				};
			};
			buildConfigurationList = CEB2230120E0260C00AC7BB0 /* Build configuration list for PBXProject "Currency Converter" */;
			compatibilityVersion = "Xcode 9.3";
			developmentRegion = en;
			hasScannedForEncodings = 0;
			knownRegions = (
				en,
				Base,
			);
			mainGroup = CEB222FD20E0260C00AC7BB0;
			productRefGroup = CEB2230720E0260C00AC7BB0 /* Products */;
			projectDirPath = "";
			projectRoot = "";
			targets = (
				CEB2230520E0260C00AC7BB0 /* Currency Converter */,
				CE5CBC7520ED8A600092CB4C /* CurrencyConverterTests */,
			);
		};
/* End PBXProject section */

/* Begin PBXResourcesBuildPhase section */
		CE5CBC7420ED8A600092CB4C /* Resources */ = {
			isa = PBXResourcesBuildPhase;
			buildActionMask = 2147483647;
			files = (
			);
			runOnlyForDeploymentPostprocessing = 0;
		};
		CEB2230420E0260C00AC7BB0 /* Resources */ = {
			isa = PBXResourcesBuildPhase;
			buildActionMask = 2147483647;
			files = (
				CEB2231420E0260E00AC7BB0 /* LaunchScreen.storyboard in Resources */,
				CEB2231120E0260E00AC7BB0 /* Assets.xcassets in Resources */,
				CEB2230F20E0260C00AC7BB0 /* Main.storyboard in Resources */,
			);
			runOnlyForDeploymentPostprocessing = 0;
		};
/* End PBXResourcesBuildPhase section */

/* Begin PBXShellScriptBuildPhase section */
		696171878BF90397427D169B /* [CP] Embed Pods Frameworks */ = {
			isa = PBXShellScriptBuildPhase;
			buildActionMask = 2147483647;
			files = (
			);
			inputPaths = (
				"${SRCROOT}/Pods/Target Support Files/Pods-Currency Converter/Pods-Currency Converter-frameworks.sh",
				"${BUILT_PRODUCTS_DIR}/Alamofire/Alamofire.framework",
				"${BUILT_PRODUCTS_DIR}/Moya/Moya.framework",
				"${BUILT_PRODUCTS_DIR}/ReachabilitySwift/Reachability.framework",
				"${BUILT_PRODUCTS_DIR}/Result/Result.framework",
				"${BUILT_PRODUCTS_DIR}/SwiftyJSON/SwiftyJSON.framework",
			);
			name = "[CP] Embed Pods Frameworks";
			outputPaths = (
				"${TARGET_BUILD_DIR}/${FRAMEWORKS_FOLDER_PATH}/Alamofire.framework",
				"${TARGET_BUILD_DIR}/${FRAMEWORKS_FOLDER_PATH}/Moya.framework",
				"${TARGET_BUILD_DIR}/${FRAMEWORKS_FOLDER_PATH}/Reachability.framework",
				"${TARGET_BUILD_DIR}/${FRAMEWORKS_FOLDER_PATH}/Result.framework",
				"${TARGET_BUILD_DIR}/${FRAMEWORKS_FOLDER_PATH}/SwiftyJSON.framework",
			);
			runOnlyForDeploymentPostprocessing = 0;
			shellPath = /bin/sh;
			shellScript = "\"${SRCROOT}/Pods/Target Support Files/Pods-Currency Converter/Pods-Currency Converter-frameworks.sh\"\n";
			showEnvVarsInLog = 0;
		};
		FB3C31E88E6824F366CEEA2E /* [CP] Check Pods Manifest.lock */ = {
			isa = PBXShellScriptBuildPhase;
			buildActionMask = 2147483647;
			files = (
			);
			inputPaths = (
				"${PODS_PODFILE_DIR_PATH}/Podfile.lock",
				"${PODS_ROOT}/Manifest.lock",
			);
			name = "[CP] Check Pods Manifest.lock";
			outputPaths = (
				"$(DERIVED_FILE_DIR)/Pods-Currency Converter-checkManifestLockResult.txt",
			);
			runOnlyForDeploymentPostprocessing = 0;
			shellPath = /bin/sh;
			shellScript = "diff \"${PODS_PODFILE_DIR_PATH}/Podfile.lock\" \"${PODS_ROOT}/Manifest.lock\" > /dev/null\nif [ $? != 0 ] ; then\n    # print error to STDERR\n    echo \"error: The sandbox is not in sync with the Podfile.lock. Run 'pod install' or update your CocoaPods installation.\" >&2\n    exit 1\nfi\n# This output is used by Xcode 'outputs' to avoid re-running this script phase.\necho \"SUCCESS\" > \"${SCRIPT_OUTPUT_FILE_0}\"\n";
			showEnvVarsInLog = 0;
		};
/* End PBXShellScriptBuildPhase section */

/* Begin PBXSourcesBuildPhase section */
		CE5CBC7220ED8A600092CB4C /* Sources */ = {
			isa = PBXSourcesBuildPhase;
			buildActionMask = 2147483647;
			files = (
				CE5CBC7920ED8A600092CB4C /* CurrencyConverterTests.swift in Sources */,
			);
			runOnlyForDeploymentPostprocessing = 0;
		};
		CEB2230220E0260C00AC7BB0 /* Sources */ = {
			isa = PBXSourcesBuildPhase;
			buildActionMask = 2147483647;
			files = (
				CEB2230C20E0260C00AC7BB0 /* ConverterViewController.swift in Sources */,
				CE40CEFA20E3A19D003A3E78 /* Jsonable.swift in Sources */,
				CE76302220E27C3600EEC89C /* Convert.swift in Sources */,
				CE76302020E27BA500EEC89C /* Rate.swift in Sources */,
				CEBD8A9020E16B6200B130C3 /* Api.swift in Sources */,
				CEB2230A20E0260C00AC7BB0 /* AppDelegate.swift in Sources */,
			);
			runOnlyForDeploymentPostprocessing = 0;
		};
/* End PBXSourcesBuildPhase section */

/* Begin PBXTargetDependency section */
		CE5CBC7C20ED8A600092CB4C /* PBXTargetDependency */ = {
			isa = PBXTargetDependency;
			target = CEB2230520E0260C00AC7BB0 /* Currency Converter */;
			targetProxy = CE5CBC7B20ED8A600092CB4C /* PBXContainerItemProxy */;
		};
/* End PBXTargetDependency section */

/* Begin PBXVariantGroup section */
		CEB2230D20E0260C00AC7BB0 /* Main.storyboard */ = {
			isa = PBXVariantGroup;
			children = (
				CEB2230E20E0260C00AC7BB0 /* Base */,
			);
			name = Main.storyboard;
			sourceTree = "<group>";
		};
		CEB2231220E0260E00AC7BB0 /* LaunchScreen.storyboard */ = {
			isa = PBXVariantGroup;
			children = (
				CEB2231320E0260E00AC7BB0 /* Base */,
			);
			name = LaunchScreen.storyboard;
			sourceTree = "<group>";
		};
/* End PBXVariantGroup section */

/* Begin XCBuildConfiguration section */
		CE5CBC7D20ED8A600092CB4C /* Debug */ = {
			isa = XCBuildConfiguration;
			buildSettings = {
				BUNDLE_LOADER = "$(TEST_HOST)";
				CODE_SIGN_STYLE = Automatic;
				DEVELOPMENT_TEAM = 89X38X4XV8;
				INFOPLIST_FILE = CurrencyConverterTests/Info.plist;
				LD_RUNPATH_SEARCH_PATHS = "$(inherited) @executable_path/Frameworks @loader_path/Frameworks";
				PRODUCT_BUNDLE_IDENTIFIER = kz.FBGroup.Company.CurrencyConverterTests;
				PRODUCT_NAME = "$(TARGET_NAME)";
				SWIFT_VERSION = 4.0;
				TARGETED_DEVICE_FAMILY = "1,2";
				TEST_HOST = "$(BUILT_PRODUCTS_DIR)/Currency Converter.app/Currency Converter";
			};
			name = Debug;
		};
		CE5CBC7E20ED8A600092CB4C /* Release */ = {
			isa = XCBuildConfiguration;
			buildSettings = {
				BUNDLE_LOADER = "$(TEST_HOST)";
				CODE_SIGN_STYLE = Automatic;
				DEVELOPMENT_TEAM = 89X38X4XV8;
				INFOPLIST_FILE = CurrencyConverterTests/Info.plist;
				LD_RUNPATH_SEARCH_PATHS = "$(inherited) @executable_path/Frameworks @loader_path/Frameworks";
				PRODUCT_BUNDLE_IDENTIFIER = kz.FBGroup.Company.CurrencyConverterTests;
				PRODUCT_NAME = "$(TARGET_NAME)";
				SWIFT_VERSION = 4.0;
				TARGETED_DEVICE_FAMILY = "1,2";
				TEST_HOST = "$(BUILT_PRODUCTS_DIR)/Currency Converter.app/Currency Converter";
			};
			name = Release;
		};
		CEB2231620E0260E00AC7BB0 /* Debug */ = {
			isa = XCBuildConfiguration;
			buildSettings = {
				ALWAYS_SEARCH_USER_PATHS = NO;
				CLANG_ANALYZER_NONNULL = YES;
				CLANG_ANALYZER_NUMBER_OBJECT_CONVERSION = YES_AGGRESSIVE;
				CLANG_CXX_LANGUAGE_STANDARD = "gnu++14";
				CLANG_CXX_LIBRARY = "libc++";
				CLANG_ENABLE_MODULES = YES;
				CLANG_ENABLE_OBJC_ARC = YES;
				CLANG_ENABLE_OBJC_WEAK = YES;
				CLANG_WARN_BLOCK_CAPTURE_AUTORELEASING = YES;
				CLANG_WARN_BOOL_CONVERSION = YES;
				CLANG_WARN_COMMA = YES;
				CLANG_WARN_CONSTANT_CONVERSION = YES;
				CLANG_WARN_DEPRECATED_OBJC_IMPLEMENTATIONS = YES;
				CLANG_WARN_DIRECT_OBJC_ISA_USAGE = YES_ERROR;
				CLANG_WARN_DOCUMENTATION_COMMENTS = YES;
				CLANG_WARN_EMPTY_BODY = YES;
				CLANG_WARN_ENUM_CONVERSION = YES;
				CLANG_WARN_INFINITE_RECURSION = YES;
				CLANG_WARN_INT_CONVERSION = YES;
				CLANG_WARN_NON_LITERAL_NULL_CONVERSION = YES;
				CLANG_WARN_OBJC_IMPLICIT_RETAIN_SELF = YES;
				CLANG_WARN_OBJC_LITERAL_CONVERSION = YES;
				CLANG_WARN_OBJC_ROOT_CLASS = YES_ERROR;
				CLANG_WARN_RANGE_LOOP_ANALYSIS = YES;
				CLANG_WARN_STRICT_PROTOTYPES = YES;
				CLANG_WARN_SUSPICIOUS_MOVE = YES;
				CLANG_WARN_UNGUARDED_AVAILABILITY = YES_AGGRESSIVE;
				CLANG_WARN_UNREACHABLE_CODE = YES;
				CLANG_WARN__DUPLICATE_METHOD_MATCH = YES;
				CODE_SIGN_IDENTITY = "iPhone Developer";
				COPY_PHASE_STRIP = NO;
				DEBUG_INFORMATION_FORMAT = dwarf;
				ENABLE_STRICT_OBJC_MSGSEND = YES;
				ENABLE_TESTABILITY = YES;
				GCC_C_LANGUAGE_STANDARD = gnu11;
				GCC_DYNAMIC_NO_PIC = NO;
				GCC_NO_COMMON_BLOCKS = YES;
				GCC_OPTIMIZATION_LEVEL = 0;
				GCC_PREPROCESSOR_DEFINITIONS = (
					"DEBUG=1",
					"$(inherited)",
				);
				GCC_WARN_64_TO_32_BIT_CONVERSION = YES;
				GCC_WARN_ABOUT_RETURN_TYPE = YES_ERROR;
				GCC_WARN_UNDECLARED_SELECTOR = YES;
				GCC_WARN_UNINITIALIZED_AUTOS = YES_AGGRESSIVE;
				GCC_WARN_UNUSED_FUNCTION = YES;
				GCC_WARN_UNUSED_VARIABLE = YES;
				IPHONEOS_DEPLOYMENT_TARGET = 11.4;
				MTL_ENABLE_DEBUG_INFO = YES;
				ONLY_ACTIVE_ARCH = YES;
				SDKROOT = iphoneos;
				SWIFT_ACTIVE_COMPILATION_CONDITIONS = DEBUG;
				SWIFT_OPTIMIZATION_LEVEL = "-Onone";
			};
			name = Debug;
		};
		CEB2231720E0260E00AC7BB0 /* Release */ = {
			isa = XCBuildConfiguration;
			buildSettings = {
				ALWAYS_SEARCH_USER_PATHS = NO;
				CLANG_ANALYZER_NONNULL = YES;
				CLANG_ANALYZER_NUMBER_OBJECT_CONVERSION = YES_AGGRESSIVE;
				CLANG_CXX_LANGUAGE_STANDARD = "gnu++14";
				CLANG_CXX_LIBRARY = "libc++";
				CLANG_ENABLE_MODULES = YES;
				CLANG_ENABLE_OBJC_ARC = YES;
				CLANG_ENABLE_OBJC_WEAK = YES;
				CLANG_WARN_BLOCK_CAPTURE_AUTORELEASING = YES;
				CLANG_WARN_BOOL_CONVERSION = YES;
				CLANG_WARN_COMMA = YES;
				CLANG_WARN_CONSTANT_CONVERSION = YES;
				CLANG_WARN_DEPRECATED_OBJC_IMPLEMENTATIONS = YES;
				CLANG_WARN_DIRECT_OBJC_ISA_USAGE = YES_ERROR;
				CLANG_WARN_DOCUMENTATION_COMMENTS = YES;
				CLANG_WARN_EMPTY_BODY = YES;
				CLANG_WARN_ENUM_CONVERSION = YES;
				CLANG_WARN_INFINITE_RECURSION = YES;
				CLANG_WARN_INT_CONVERSION = YES;
				CLANG_WARN_NON_LITERAL_NULL_CONVERSION = YES;
				CLANG_WARN_OBJC_IMPLICIT_RETAIN_SELF = YES;
				CLANG_WARN_OBJC_LITERAL_CONVERSION = YES;
				CLANG_WARN_OBJC_ROOT_CLASS = YES_ERROR;
				CLANG_WARN_RANGE_LOOP_ANALYSIS = YES;
				CLANG_WARN_STRICT_PROTOTYPES = YES;
				CLANG_WARN_SUSPICIOUS_MOVE = YES;
				CLANG_WARN_UNGUARDED_AVAILABILITY = YES_AGGRESSIVE;
				CLANG_WARN_UNREACHABLE_CODE = YES;
				CLANG_WARN__DUPLICATE_METHOD_MATCH = YES;
				CODE_SIGN_IDENTITY = "iPhone Developer";
				COPY_PHASE_STRIP = NO;
				DEBUG_INFORMATION_FORMAT = "dwarf-with-dsym";
				ENABLE_NS_ASSERTIONS = NO;
				ENABLE_STRICT_OBJC_MSGSEND = YES;
				GCC_C_LANGUAGE_STANDARD = gnu11;
				GCC_NO_COMMON_BLOCKS = YES;
				GCC_WARN_64_TO_32_BIT_CONVERSION = YES;
				GCC_WARN_ABOUT_RETURN_TYPE = YES_ERROR;
				GCC_WARN_UNDECLARED_SELECTOR = YES;
				GCC_WARN_UNINITIALIZED_AUTOS = YES_AGGRESSIVE;
				GCC_WARN_UNUSED_FUNCTION = YES;
				GCC_WARN_UNUSED_VARIABLE = YES;
				IPHONEOS_DEPLOYMENT_TARGET = 11.4;
				MTL_ENABLE_DEBUG_INFO = NO;
				SDKROOT = iphoneos;
				SWIFT_COMPILATION_MODE = wholemodule;
				SWIFT_OPTIMIZATION_LEVEL = "-O";
				VALIDATE_PRODUCT = YES;
			};
			name = Release;
		};
		CEB2231920E0260E00AC7BB0 /* Debug */ = {
			isa = XCBuildConfiguration;
			baseConfigurationReference = DA0B31B945F63E050C9C5D41 /* Pods-Currency Converter.debug.xcconfig */;
			buildSettings = {
				ASSETCATALOG_COMPILER_APPICON_NAME = AppIcon;
				CODE_SIGN_STYLE = Automatic;
				DEVELOPMENT_TEAM = 89X38X4XV8;
				INFOPLIST_FILE = "Currency Converter/Info.plist";
				LD_RUNPATH_SEARCH_PATHS = "$(inherited) @executable_path/Frameworks";
				PRODUCT_BUNDLE_IDENTIFIER = "kz.FBGroup.Company.Currency-Converter";
				PRODUCT_NAME = "$(TARGET_NAME)";
				SWIFT_VERSION = 4.0;
				TARGETED_DEVICE_FAMILY = "1,2";
			};
			name = Debug;
		};
		CEB2231A20E0260E00AC7BB0 /* Release */ = {
			isa = XCBuildConfiguration;
			baseConfigurationReference = 017D793CCEF631B8B277D6E3 /* Pods-Currency Converter.release.xcconfig */;
			buildSettings = {
				ASSETCATALOG_COMPILER_APPICON_NAME = AppIcon;
				CODE_SIGN_STYLE = Automatic;
				DEVELOPMENT_TEAM = 89X38X4XV8;
				INFOPLIST_FILE = "Currency Converter/Info.plist";
				LD_RUNPATH_SEARCH_PATHS = "$(inherited) @executable_path/Frameworks";
				PRODUCT_BUNDLE_IDENTIFIER = "kz.FBGroup.Company.Currency-Converter";
				PRODUCT_NAME = "$(TARGET_NAME)";
				SWIFT_VERSION = 4.0;
				TARGETED_DEVICE_FAMILY = "1,2";
			};
			name = Release;
		};
/* End XCBuildConfiguration section */

/* Begin XCConfigurationList section */
		CE5CBC7F20ED8A600092CB4C /* Build configuration list for PBXNativeTarget "CurrencyConverterTests" */ = {
			isa = XCConfigurationList;
			buildConfigurations = (
				CE5CBC7D20ED8A600092CB4C /* Debug */,
				CE5CBC7E20ED8A600092CB4C /* Release */,
			);
			defaultConfigurationIsVisible = 0;
			defaultConfigurationName = Release;
		};
		CEB2230120E0260C00AC7BB0 /* Build configuration list for PBXProject "Currency Converter" */ = {
			isa = XCConfigurationList;
			buildConfigurations = (
				CEB2231620E0260E00AC7BB0 /* Debug */,
				CEB2231720E0260E00AC7BB0 /* Release */,
			);
			defaultConfigurationIsVisible = 0;
			defaultConfigurationName = Release;
		};
		CEB2231820E0260E00AC7BB0 /* Build configuration list for PBXNativeTarget "Currency Converter" */ = {
			isa = XCConfigurationList;
			buildConfigurations = (
				CEB2231920E0260E00AC7BB0 /* Debug */,
				CEB2231A20E0260E00AC7BB0 /* Release */,
			);
			defaultConfigurationIsVisible = 0;
			defaultConfigurationName = Release;
		};
/* End XCConfigurationList section */
	};
	rootObject = CEB222FE20E0260C00AC7BB0 /* Project object */;
}
